
Microsoft Visual Studio Solution File, Format Version 12.00
# Visual Studio Version 16
VisualStudioVersion = 16.0.32228.547
MinimumVisualStudioVersion = 10.0.40219.1
Project("{FAE04EC0-301F-11D3-BF4B-00C04F79EFBC}") = "string revers", "string revers\string revers.csproj", "{0B9CCB7C-55EA-479B-9291-16014020627B}"
EndProject
Global
	GlobalSection(SolutionConfigurationPlatforms) = preSolution
		Debug|Any CPU = Debug|Any CPU
		Release|Any CPU = Release|Any CPU
	EndGlobalSection
	GlobalSection(ProjectConfigurationPlatforms) = postSolution
		{0B9CCB7C-55EA-479B-9291-16014020627B}.Debug|Any CPU.ActiveCfg = Debug|Any CPU
		{0B9CCB7C-55EA-479B-9291-16014020627B}.Debug|Any CPU.Build.0 = Debug|Any CPU
		{0B9CCB7C-55EA-479B-9291-16014020627B}.Release|Any CPU.ActiveCfg = Release|Any CPU
		{0B9CCB7C-55EA-479B-9291-16014020627B}.Release|Any CPU.Build.0 = Release|Any CPU
	EndGlobalSection
	GlobalSection(SolutionProperties) = preSolution
		HideSolutionNode = FALSE
	EndGlobalSection
	GlobalSection(ExtensibilityGlobals) = postSolution
		SolutionGuid = {10081DE9-A745-4A87-B6BE-5F3DB0AE7113}
	EndGlobalSection
EndGlobal
